
Microsoft Visual Studio Solution File, Format Version 12.00
# Visual Studio 15
VisualStudioVersion = 15.0.27428.2027
MinimumVisualStudioVersion = 10.0.40219.1
Project("{9A19103F-16F7-4668-BE54-9A1E7A4F7556}") = "XiaoMiPush", "src\XiaoMiPush\XiaoMiPush.csproj", "{BF08C41A-3EAA-4323-BA52-B5493AE09FB8}"
EndProject
Project("{2150E333-8FDC-42A3-9474-1A3956D46DE8}") = "src", "src", "{7BCB2E05-A916-4D93-A788-9F0E1CFDB05E}"
EndProject
Project("{9A19103F-16F7-4668-BE54-9A1E7A4F7556}") = "XiaoMiPush.Extensions.DependencyInjection", "src\XiaoMiPush.Extensions.DependencyInjection\XiaoMiPush.Extensions.DependencyInjection.csproj", "{34B7E478-03C9-4E6A-A92C-C00F675D17E0}"
EndProject
Project("{2150E333-8FDC-42A3-9474-1A3956D46DE8}") = "test", "test", "{772902F9-854E-4659-8C83-30D4FF78D044}"
EndProject
Project("{9A19103F-16F7-4668-BE54-9A1E7A4F7556}") = "XiaoMiPush.Test", "test\XiaoMiPush.Test\XiaoMiPush.Test.csproj", "{6E2D2EAE-CFD6-4820-9980-538E6B976DE4}"
EndProject
Project("{2150E333-8FDC-42A3-9474-1A3956D46DE8}") = "Samples", "Samples", "{7131A7FB-AA06-49D4-972F-B7BC8B1D66C7}"
EndProject
Project("{9A19103F-16F7-4668-BE54-9A1E7A4F7556}") = "SampleWebApp", "samples\SampleWebApp\SampleWebApp.csproj", "{160BD708-4ED8-40AB-813D-8607B154DBC3}"
EndProject
Project("{2150E333-8FDC-42A3-9474-1A3956D46DE8}") = "scripts", "scripts", "{98AB62E2-E34C-40DB-AC79-36B5932B1A53}"
EndProject
Project("{2150E333-8FDC-42A3-9474-1A3956D46DE8}") = "postmain", "postmain", "{B97AEDFD-34FC-4320-BB84-ACEE189A2A97}"
	ProjectSection(SolutionItems) = preProject
		..\..\..\Desktop\XiaoMiPush.postman_collection.json = ..\..\..\Desktop\XiaoMiPush.postman_collection.json
	EndProjectSection
EndProject
Global
	GlobalSection(SolutionConfigurationPlatforms) = preSolution
		Debug|Any CPU = Debug|Any CPU
		Release|Any CPU = Release|Any CPU
	EndGlobalSection
	GlobalSection(ProjectConfigurationPlatforms) = postSolution
		{BF08C41A-3EAA-4323-BA52-B5493AE09FB8}.Debug|Any CPU.ActiveCfg = Debug|Any CPU
		{BF08C41A-3EAA-4323-BA52-B5493AE09FB8}.Debug|Any CPU.Build.0 = Debug|Any CPU
		{BF08C41A-3EAA-4323-BA52-B5493AE09FB8}.Release|Any CPU.ActiveCfg = Release|Any CPU
		{BF08C41A-3EAA-4323-BA52-B5493AE09FB8}.Release|Any CPU.Build.0 = Release|Any CPU
		{34B7E478-03C9-4E6A-A92C-C00F675D17E0}.Debug|Any CPU.ActiveCfg = Debug|Any CPU
		{34B7E478-03C9-4E6A-A92C-C00F675D17E0}.Debug|Any CPU.Build.0 = Debug|Any CPU
		{34B7E478-03C9-4E6A-A92C-C00F675D17E0}.Release|Any CPU.ActiveCfg = Release|Any CPU
		{34B7E478-03C9-4E6A-A92C-C00F675D17E0}.Release|Any CPU.Build.0 = Release|Any CPU
		{6E2D2EAE-CFD6-4820-9980-538E6B976DE4}.Debug|Any CPU.ActiveCfg = Debug|Any CPU
		{6E2D2EAE-CFD6-4820-9980-538E6B976DE4}.Debug|Any CPU.Build.0 = Debug|Any CPU
		{6E2D2EAE-CFD6-4820-9980-538E6B976DE4}.Release|Any CPU.ActiveCfg = Release|Any CPU
		{6E2D2EAE-CFD6-4820-9980-538E6B976DE4}.Release|Any CPU.Build.0 = Release|Any CPU
		{160BD708-4ED8-40AB-813D-8607B154DBC3}.Debug|Any CPU.ActiveCfg = Debug|Any CPU
		{160BD708-4ED8-40AB-813D-8607B154DBC3}.Debug|Any CPU.Build.0 = Debug|Any CPU
		{160BD708-4ED8-40AB-813D-8607B154DBC3}.Release|Any CPU.ActiveCfg = Release|Any CPU
		{160BD708-4ED8-40AB-813D-8607B154DBC3}.Release|Any CPU.Build.0 = Release|Any CPU
	EndGlobalSection
	GlobalSection(SolutionProperties) = preSolution
		HideSolutionNode = FALSE
	EndGlobalSection
	GlobalSection(NestedProjects) = preSolution
		{BF08C41A-3EAA-4323-BA52-B5493AE09FB8} = {7BCB2E05-A916-4D93-A788-9F0E1CFDB05E}
		{34B7E478-03C9-4E6A-A92C-C00F675D17E0} = {7BCB2E05-A916-4D93-A788-9F0E1CFDB05E}
		{6E2D2EAE-CFD6-4820-9980-538E6B976DE4} = {772902F9-854E-4659-8C83-30D4FF78D044}
		{160BD708-4ED8-40AB-813D-8607B154DBC3} = {7131A7FB-AA06-49D4-972F-B7BC8B1D66C7}
		{B97AEDFD-34FC-4320-BB84-ACEE189A2A97} = {98AB62E2-E34C-40DB-AC79-36B5932B1A53}
	EndGlobalSection
	GlobalSection(ExtensibilityGlobals) = postSolution
		SolutionGuid = {AEB25AD5-36B7-40EE-A07B-F31FEBCCDF9C}
	EndGlobalSection
EndGlobal
